// !$*UTF8*$!
{
	archiveVersion = 1;
	classes = {
	};
	objectVersion = 50;
	objects = {

/* Begin PBXBuildFile section */
		07FF559621FF46A5005D376C /* AppDelegate.swift in Sources */ = {isa = PBXBuildFile; fileRef = 07FF559521FF46A5005D376C /* AppDelegate.swift */; };
		07FF559821FF46A5005D376C /* ConfiguracionViewController.swift in Sources */ = {isa = PBXBuildFile; fileRef = 07FF559721FF46A5005D376C /* ConfiguracionViewController.swift */; };
		07FF559A21FF46A5005D376C /* MaestrosViewController.swift in Sources */ = {isa = PBXBuildFile; fileRef = 07FF559921FF46A5005D376C /* MaestrosViewController.swift */; };
		07FF559D21FF46A5005D376C /* Main.storyboard in Resources */ = {isa = PBXBuildFile; fileRef = 07FF559B21FF46A5005D376C /* Main.storyboard */; };
		07FF559F21FF46A8005D376C /* Assets.xcassets in Resources */ = {isa = PBXBuildFile; fileRef = 07FF559E21FF46A8005D376C /* Assets.xcassets */; };
		07FF55A221FF46A8005D376C /* LaunchScreen.storyboard in Resources */ = {isa = PBXBuildFile; fileRef = 07FF55A021FF46A8005D376C /* LaunchScreen.storyboard */; };
		07FF55AB21FF4748005D376C /* FacturaViewController.swift in Sources */ = {isa = PBXBuildFile; fileRef = 07FF55AA21FF4748005D376C /* FacturaViewController.swift */; };
		07FF55AD21FF4E52005D376C /* ListaBancosViewController.swift in Sources */ = {isa = PBXBuildFile; fileRef = 07FF55AC21FF4E52005D376C /* ListaBancosViewController.swift */; };
		07FF55B021FF51AC005D376C /* Bancos.swift in Sources */ = {isa = PBXBuildFile; fileRef = 07FF55AF21FF51AC005D376C /* Bancos.swift */; };
		07FF55B221FF5F31005D376C /* ModificarBancoViewController.swift in Sources */ = {isa = PBXBuildFile; fileRef = 07FF55B121FF5F31005D376C /* ModificarBancoViewController.swift */; };
/* End PBXBuildFile section */

/* Begin PBXFileReference section */
		07953E0221FF8FE600B1EEC5 /* MyPlayground.playground */ = {isa = PBXFileReference; lastKnownFileType = file.playground; path = MyPlayground.playground; sourceTree = "<group>"; xcLanguageSpecificationIdentifier = xcode.lang.swift; };
		07FF559221FF46A5005D376C /* Psei.app */ = {isa = PBXFileReference; explicitFileType = wrapper.application; includeInIndex = 0; path = Psei.app; sourceTree = BUILT_PRODUCTS_DIR; };
		07FF559521FF46A5005D376C /* AppDelegate.swift */ = {isa = PBXFileReference; lastKnownFileType = sourcecode.swift; path = AppDelegate.swift; sourceTree = "<group>"; };
		07FF559721FF46A5005D376C /* ConfiguracionViewController.swift */ = {isa = PBXFileReference; lastKnownFileType = sourcecode.swift; path = ConfiguracionViewController.swift; sourceTree = "<group>"; };
		07FF559921FF46A5005D376C /* MaestrosViewController.swift */ = {isa = PBXFileReference; lastKnownFileType = sourcecode.swift; path = MaestrosViewController.swift; sourceTree = "<group>"; };
		07FF559C21FF46A5005D376C /* Base */ = {isa = PBXFileReference; lastKnownFileType = file.storyboard; name = Base; path = Base.lproj/Main.storyboard; sourceTree = "<group>"; };
		07FF559E21FF46A8005D376C /* Assets.xcassets */ = {isa = PBXFileReference; lastKnownFileType = folder.assetcatalog; path = Assets.xcassets; sourceTree = "<group>"; };
		07FF55A121FF46A8005D376C /* Base */ = {isa = PBXFileReference; lastKnownFileType = file.storyboard; name = Base; path = Base.lproj/LaunchScreen.storyboard; sourceTree = "<group>"; };
		07FF55A321FF46A8005D376C /* Info.plist */ = {isa = PBXFileReference; lastKnownFileType = text.plist.xml; path = Info.plist; sourceTree = "<group>"; };
		07FF55AA21FF4748005D376C /* FacturaViewController.swift */ = {isa = PBXFileReference; lastKnownFileType = sourcecode.swift; path = FacturaViewController.swift; sourceTree = "<group>"; };
		07FF55AC21FF4E52005D376C /* ListaBancosViewController.swift */ = {isa = PBXFileReference; lastKnownFileType = sourcecode.swift; name = ListaBancosViewController.swift; path = Psei/ViewControllers/ListaBancosViewController.swift; sourceTree = SOURCE_ROOT; };
		07FF55AF21FF51AC005D376C /* Bancos.swift */ = {isa = PBXFileReference; lastKnownFileType = sourcecode.swift; path = Bancos.swift; sourceTree = "<group>"; };
		07FF55B121FF5F31005D376C /* ModificarBancoViewController.swift */ = {isa = PBXFileReference; lastKnownFileType = sourcecode.swift; path = ModificarBancoViewController.swift; sourceTree = "<group>"; };
/* End PBXFileReference section */

/* Begin PBXFrameworksBuildPhase section */
		07FF558F21FF46A5005D376C /* Frameworks */ = {
			isa = PBXFrameworksBuildPhase;
			buildActionMask = 2147483647;
			files = (
			);
			runOnlyForDeploymentPostprocessing = 0;
		};
/* End PBXFrameworksBuildPhase section */

/* Begin PBXGroup section */
		07FF558921FF46A5005D376C = {
			isa = PBXGroup;
			children = (
				07FF559421FF46A5005D376C /* Psei */,
				07FF559321FF46A5005D376C /* Products */,
			);
			sourceTree = "<group>";
		};
		07FF559321FF46A5005D376C /* Products */ = {
			isa = PBXGroup;
			children = (
				07FF559221FF46A5005D376C /* Psei.app */,
			);
			name = Products;
			sourceTree = "<group>";
		};
		07FF559421FF46A5005D376C /* Psei */ = {
			isa = PBXGroup;
			children = (
				07953E0221FF8FE600B1EEC5 /* MyPlayground.playground */,
				07FF55AE21FF5190005D376C /* Modelos */,
				07FF55A921FF472D005D376C /* ViewControllers */,
				07FF559521FF46A5005D376C /* AppDelegate.swift */,
				07FF559B21FF46A5005D376C /* Main.storyboard */,
				07FF559E21FF46A8005D376C /* Assets.xcassets */,
				07FF55A021FF46A8005D376C /* LaunchScreen.storyboard */,
				07FF55A321FF46A8005D376C /* Info.plist */,
			);
			path = Psei;
			sourceTree = "<group>";
		};
		07FF55A921FF472D005D376C /* ViewControllers */ = {
			isa = PBXGroup;
			children = (
				07FF559721FF46A5005D376C /* ConfiguracionViewController.swift */,
				07FF559921FF46A5005D376C /* MaestrosViewController.swift */,
				07FF55AA21FF4748005D376C /* FacturaViewController.swift */,
				07FF55AC21FF4E52005D376C /* ListaBancosViewController.swift */,
				07FF55B121FF5F31005D376C /* ModificarBancoViewController.swift */,
			);
			path = ViewControllers;
			sourceTree = "<group>";
		};
		07FF55AE21FF5190005D376C /* Modelos */ = {
			isa = PBXGroup;
			children = (
				07FF55AF21FF51AC005D376C /* Bancos.swift */,
			);
			path = Modelos;
			sourceTree = "<group>";
		};
/* End PBXGroup section */

/* Begin PBXNativeTarget section */
		07FF559121FF46A5005D376C /* Psei */ = {
			isa = PBXNativeTarget;
			buildConfigurationList = 07FF55A621FF46A8005D376C /* Build configuration list for PBXNativeTarget "Psei" */;
			buildPhases = (
				07FF558E21FF46A5005D376C /* Sources */,
				07FF558F21FF46A5005D376C /* Frameworks */,
				07FF559021FF46A5005D376C /* Resources */,
			);
			buildRules = (
			);
			dependencies = (
			);
			name = Psei;
			productName = Psei;
			productReference = 07FF559221FF46A5005D376C /* Psei.app */;
			productType = "com.apple.product-type.application";
		};
/* End PBXNativeTarget section */

/* Begin PBXProject section */
		07FF558A21FF46A5005D376C /* Project object */ = {
			isa = PBXProject;
			attributes = {
				LastSwiftUpdateCheck = 1010;
				LastUpgradeCheck = 1010;
				ORGANIZATIONNAME = "Carlos Martínez";
				TargetAttributes = {
					07FF559121FF46A5005D376C = {
						CreatedOnToolsVersion = 10.1;
					};
				};
			};
			buildConfigurationList = 07FF558D21FF46A5005D376C /* Build configuration list for PBXProject "Psei" */;
			compatibilityVersion = "Xcode 9.3";
			developmentRegion = en;
			hasScannedForEncodings = 0;
			knownRegions = (
				en,
				Base,
			);
			mainGroup = 07FF558921FF46A5005D376C;
			productRefGroup = 07FF559321FF46A5005D376C /* Products */;
			projectDirPath = "";
			projectRoot = "";
			targets = (
				07FF559121FF46A5005D376C /* Psei */,
			);
		};
/* End PBXProject section */

/* Begin PBXResourcesBuildPhase section */
		07FF559021FF46A5005D376C /* Resources */ = {
			isa = PBXResourcesBuildPhase;
			buildActionMask = 2147483647;
			files = (
				07FF55A221FF46A8005D376C /* LaunchScreen.storyboard in Resources */,
				07FF559F21FF46A8005D376C /* Assets.xcassets in Resources */,
				07FF559D21FF46A5005D376C /* Main.storyboard in Resources */,
			);
			runOnlyForDeploymentPostprocessing = 0;
		};
/* End PBXResourcesBuildPhase section */

/* Begin PBXSourcesBuildPhase section */
		07FF558E21FF46A5005D376C /* Sources */ = {
			isa = PBXSourcesBuildPhase;
			buildActionMask = 2147483647;
			files = (
				07FF55B221FF5F31005D376C /* ModificarBancoViewController.swift in Sources */,
				07FF55AD21FF4E52005D376C /* ListaBancosViewController.swift in Sources */,
				07FF55B021FF51AC005D376C /* Bancos.swift in Sources */,
				07FF559A21FF46A5005D376C /* MaestrosViewController.swift in Sources */,
				07FF559621FF46A5005D376C /* AppDelegate.swift in Sources */,
				07FF559821FF46A5005D376C /* ConfiguracionViewController.swift in Sources */,
				07FF55AB21FF4748005D376C /* FacturaViewController.swift in Sources */,
			);
			runOnlyForDeploymentPostprocessing = 0;
		};
/* End PBXSourcesBuildPhase section */

/* Begin PBXVariantGroup section */
		07FF559B21FF46A5005D376C /* Main.storyboard */ = {
			isa = PBXVariantGroup;
			children = (
				07FF559C21FF46A5005D376C /* Base */,
			);
			name = Main.storyboard;
			sourceTree = "<group>";
		};
		07FF55A021FF46A8005D376C /* LaunchScreen.storyboard */ = {
			isa = PBXVariantGroup;
			children = (
				07FF55A121FF46A8005D376C /* Base */,
			);
			name = LaunchScreen.storyboard;
			sourceTree = "<group>";
		};
/* End PBXVariantGroup section */

/* Begin XCBuildConfiguration section */
		07FF55A421FF46A8005D376C /* Debug */ = {
			isa = XCBuildConfiguration;
			buildSettings = {
				ALWAYS_SEARCH_USER_PATHS = NO;
				CLANG_ANALYZER_NONNULL = YES;
				CLANG_ANALYZER_NUMBER_OBJECT_CONVERSION = YES_AGGRESSIVE;
				CLANG_CXX_LANGUAGE_STANDARD = "gnu++14";
				CLANG_CXX_LIBRARY = "libc++";
				CLANG_ENABLE_MODULES = YES;
				CLANG_ENABLE_OBJC_ARC = YES;
				CLANG_ENABLE_OBJC_WEAK = YES;
				CLANG_WARN_BLOCK_CAPTURE_AUTORELEASING = YES;
				CLANG_WARN_BOOL_CONVERSION = YES;
				CLANG_WARN_COMMA = YES;
				CLANG_WARN_CONSTANT_CONVERSION = YES;
				CLANG_WARN_DEPRECATED_OBJC_IMPLEMENTATIONS = YES;
				CLANG_WARN_DIRECT_OBJC_ISA_USAGE = YES_ERROR;
				CLANG_WARN_DOCUMENTATION_COMMENTS = YES;
				CLANG_WARN_EMPTY_BODY = YES;
				CLANG_WARN_ENUM_CONVERSION = YES;
				CLANG_WARN_INFINITE_RECURSION = YES;
				CLANG_WARN_INT_CONVERSION = YES;
				CLANG_WARN_NON_LITERAL_NULL_CONVERSION = YES;
				CLANG_WARN_OBJC_IMPLICIT_RETAIN_SELF = YES;
				CLANG_WARN_OBJC_LITERAL_CONVERSION = YES;
				CLANG_WARN_OBJC_ROOT_CLASS = YES_ERROR;
				CLANG_WARN_RANGE_LOOP_ANALYSIS = YES;
				CLANG_WARN_STRICT_PROTOTYPES = YES;
				CLANG_WARN_SUSPICIOUS_MOVE = YES;
				CLANG_WARN_UNGUARDED_AVAILABILITY = YES_AGGRESSIVE;
				CLANG_WARN_UNREACHABLE_CODE = YES;
				CLANG_WARN__DUPLICATE_METHOD_MATCH = YES;
				CODE_SIGN_IDENTITY = "iPhone Developer";
				COPY_PHASE_STRIP = NO;
				DEBUG_INFORMATION_FORMAT = dwarf;
				ENABLE_STRICT_OBJC_MSGSEND = YES;
				ENABLE_TESTABILITY = YES;
				GCC_C_LANGUAGE_STANDARD = gnu11;
				GCC_DYNAMIC_NO_PIC = NO;
				GCC_NO_COMMON_BLOCKS = YES;
				GCC_OPTIMIZATION_LEVEL = 0;
				GCC_PREPROCESSOR_DEFINITIONS = (
					"DEBUG=1",
					"$(inherited)",
				);
				GCC_WARN_64_TO_32_BIT_CONVERSION = YES;
				GCC_WARN_ABOUT_RETURN_TYPE = YES_ERROR;
				GCC_WARN_UNDECLARED_SELECTOR = YES;
				GCC_WARN_UNINITIALIZED_AUTOS = YES_AGGRESSIVE;
				GCC_WARN_UNUSED_FUNCTION = YES;
				GCC_WARN_UNUSED_VARIABLE = YES;
				IPHONEOS_DEPLOYMENT_TARGET = 12.1;
				MTL_ENABLE_DEBUG_INFO = INCLUDE_SOURCE;
				MTL_FAST_MATH = YES;
				ONLY_ACTIVE_ARCH = YES;
				SDKROOT = iphoneos;
				SWIFT_ACTIVE_COMPILATION_CONDITIONS = DEBUG;
				SWIFT_OPTIMIZATION_LEVEL = "-Onone";
			};
			name = Debug;
		};
		07FF55A521FF46A8005D376C /* Release */ = {
			isa = XCBuildConfiguration;
			buildSettings = {
				ALWAYS_SEARCH_USER_PATHS = NO;
				CLANG_ANALYZER_NONNULL = YES;
				CLANG_ANALYZER_NUMBER_OBJECT_CONVERSION = YES_AGGRESSIVE;
				CLANG_CXX_LANGUAGE_STANDARD = "gnu++14";
				CLANG_CXX_LIBRARY = "libc++";
				CLANG_ENABLE_MODULES = YES;
				CLANG_ENABLE_OBJC_ARC = YES;
				CLANG_ENABLE_OBJC_WEAK = YES;
				CLANG_WARN_BLOCK_CAPTURE_AUTORELEASING = YES;
				CLANG_WARN_BOOL_CONVERSION = YES;
				CLANG_WARN_COMMA = YES;
				CLANG_WARN_CONSTANT_CONVERSION = YES;
				CLANG_WARN_DEPRECATED_OBJC_IMPLEMENTATIONS = YES;
				CLANG_WARN_DIRECT_OBJC_ISA_USAGE = YES_ERROR;
				CLANG_WARN_DOCUMENTATION_COMMENTS = YES;
				CLANG_WARN_EMPTY_BODY = YES;
				CLANG_WARN_ENUM_CONVERSION = YES;
				CLANG_WARN_INFINITE_RECURSION = YES;
				CLANG_WARN_INT_CONVERSION = YES;
				CLANG_WARN_NON_LITERAL_NULL_CONVERSION = YES;
				CLANG_WARN_OBJC_IMPLICIT_RETAIN_SELF = YES;
				CLANG_WARN_OBJC_LITERAL_CONVERSION = YES;
				CLANG_WARN_OBJC_ROOT_CLASS = YES_ERROR;
				CLANG_WARN_RANGE_LOOP_ANALYSIS = YES;
				CLANG_WARN_STRICT_PROTOTYPES = YES;
				CLANG_WARN_SUSPICIOUS_MOVE = YES;
				CLANG_WARN_UNGUARDED_AVAILABILITY = YES_AGGRESSIVE;
				CLANG_WARN_UNREACHABLE_CODE = YES;
				CLANG_WARN__DUPLICATE_METHOD_MATCH = YES;
				CODE_SIGN_IDENTITY = "iPhone Developer";
				COPY_PHASE_STRIP = NO;
				DEBUG_INFORMATION_FORMAT = "dwarf-with-dsym";
				ENABLE_NS_ASSERTIONS = NO;
				ENABLE_STRICT_OBJC_MSGSEND = YES;
				GCC_C_LANGUAGE_STANDARD = gnu11;
				GCC_NO_COMMON_BLOCKS = YES;
				GCC_WARN_64_TO_32_BIT_CONVERSION = YES;
				GCC_WARN_ABOUT_RETURN_TYPE = YES_ERROR;
				GCC_WARN_UNDECLARED_SELECTOR = YES;
				GCC_WARN_UNINITIALIZED_AUTOS = YES_AGGRESSIVE;
				GCC_WARN_UNUSED_FUNCTION = YES;
				GCC_WARN_UNUSED_VARIABLE = YES;
				IPHONEOS_DEPLOYMENT_TARGET = 12.1;
				MTL_ENABLE_DEBUG_INFO = NO;
				MTL_FAST_MATH = YES;
				SDKROOT = iphoneos;
				SWIFT_COMPILATION_MODE = wholemodule;
				SWIFT_OPTIMIZATION_LEVEL = "-O";
				VALIDATE_PRODUCT = YES;
			};
			name = Release;
		};
		07FF55A721FF46A8005D376C /* Debug */ = {
			isa = XCBuildConfiguration;
			buildSettings = {
				ASSETCATALOG_COMPILER_APPICON_NAME = AppIcon;
				CODE_SIGN_STYLE = Automatic;
				DEVELOPMENT_TEAM = S5B7PV7584;
				INFOPLIST_FILE = Psei/Info.plist;
				IPHONEOS_DEPLOYMENT_TARGET = 10.0;
				LD_RUNPATH_SEARCH_PATHS = (
					"$(inherited)",
					"@executable_path/Frameworks",
				);
				PRODUCT_BUNDLE_IDENTIFIER = com.casa.Psei;
				PRODUCT_NAME = "$(TARGET_NAME)";
				SWIFT_VERSION = 4.2;
				TARGETED_DEVICE_FAMILY = 2;
			};
			name = Debug;
		};
		07FF55A821FF46A8005D376C /* Release */ = {
			isa = XCBuildConfiguration;
			buildSettings = {
				ASSETCATALOG_COMPILER_APPICON_NAME = AppIcon;
				CODE_SIGN_STYLE = Automatic;
				DEVELOPMENT_TEAM = S5B7PV7584;
				INFOPLIST_FILE = Psei/Info.plist;
				IPHONEOS_DEPLOYMENT_TARGET = 10.0;
				LD_RUNPATH_SEARCH_PATHS = (
					"$(inherited)",
					"@executable_path/Frameworks",
				);
				PRODUCT_BUNDLE_IDENTIFIER = com.casa.Psei;
				PRODUCT_NAME = "$(TARGET_NAME)";
				SWIFT_VERSION = 4.2;
				TARGETED_DEVICE_FAMILY = 2;
			};
			name = Release;
		};
/* End XCBuildConfiguration section */

/* Begin XCConfigurationList section */
		07FF558D21FF46A5005D376C /* Build configuration list for PBXProject "Psei" */ = {
			isa = XCConfigurationList;
			buildConfigurations = (
				07FF55A421FF46A8005D376C /* Debug */,
				07FF55A521FF46A8005D376C /* Release */,
			);
			defaultConfigurationIsVisible = 0;
			defaultConfigurationName = Release;
		};
		07FF55A621FF46A8005D376C /* Build configuration list for PBXNativeTarget "Psei" */ = {
			isa = XCConfigurationList;
			buildConfigurations = (
				07FF55A721FF46A8005D376C /* Debug */,
				07FF55A821FF46A8005D376C /* Release */,
			);
			defaultConfigurationIsVisible = 0;
			defaultConfigurationName = Release;
		};
/* End XCConfigurationList section */
	};
	rootObject = 07FF558A21FF46A5005D376C /* Project object */;
}
